
Microsoft Visual Studio Solution File, Format Version 12.00
# Visual Studio Version 16
VisualStudioVersion = 16.0.32106.194
MinimumVisualStudioVersion = 10.0.40219.1
Project("{FAE04EC0-301F-11D3-BF4B-00C04F79EFBC}") = "WBStandardizedBannerGenerator", "WBStandardizedBannerGenerator.csproj", "{759FE521-0D7C-4C36-93F3-EDF4E3420C01}"
EndProject
Global
	GlobalSection(SolutionConfigurationPlatforms) = preSolution
		Debug|Any CPU = Debug|Any CPU
		Release|Any CPU = Release|Any CPU
	EndGlobalSection
	GlobalSection(ProjectConfigurationPlatforms) = postSolution
		{759FE521-0D7C-4C36-93F3-EDF4E3420C01}.Debug|Any CPU.ActiveCfg = Debug|Any CPU
		{759FE521-0D7C-4C36-93F3-EDF4E3420C01}.Debug|Any CPU.Build.0 = Debug|Any CPU
		{759FE521-0D7C-4C36-93F3-EDF4E3420C01}.Release|Any CPU.ActiveCfg = Release|Any CPU
		{759FE521-0D7C-4C36-93F3-EDF4E3420C01}.Release|Any CPU.Build.0 = Release|Any CPU
	EndGlobalSection
	GlobalSection(SolutionProperties) = preSolution
		HideSolutionNode = FALSE
	EndGlobalSection
	GlobalSection(ExtensibilityGlobals) = postSolution
		SolutionGuid = {96450171-16A2-497B-90BD-8BD3A1F1F86E}
	EndGlobalSection
EndGlobal
